
Microsoft Visual Studio Solution File, Format Version 11.00
# Visual Studio 2010
Project("{159641D6-6404-4A2A-AE62-294DE0FE8301}") = "SSIS_REOU", "SSIS_REOU\SSIS_REOU.dtproj", "{F2A410C1-1315-4B42-A1E6-19970277F2C4}"
EndProject
Global
	GlobalSection(SolutionConfigurationPlatforms) = preSolution
		Development|Default = Development|Default
	EndGlobalSection
	GlobalSection(ProjectConfigurationPlatforms) = postSolution
		{F2A410C1-1315-4B42-A1E6-19970277F2C4}.Development|Default.ActiveCfg = Development
		{F2A410C1-1315-4B42-A1E6-19970277F2C4}.Development|Default.Build.0 = Development
	EndGlobalSection
	GlobalSection(SolutionProperties) = preSolution
		HideSolutionNode = FALSE
	EndGlobalSection
EndGlobal
